
Microsoft Visual Studio Solution File, Format Version 12.00
# Visual Studio 15
VisualStudioVersion = 15.0.28010.2048
MinimumVisualStudioVersion = 10.0.40219.1
Project("{FAE04EC0-301F-11D3-BF4B-00C04F79EFBC}") = "DbFirst_20190227", "DbFirst_20190227\DbFirst_20190227.csproj", "{1B82FCDB-E211-4F4F-ADB3-98E3A1461B56}"
EndProject
Global
	GlobalSection(SolutionConfigurationPlatforms) = preSolution
		Debug|Any CPU = Debug|Any CPU
		Release|Any CPU = Release|Any CPU
	EndGlobalSection
	GlobalSection(ProjectConfigurationPlatforms) = postSolution
		{1B82FCDB-E211-4F4F-ADB3-98E3A1461B56}.Debug|Any CPU.ActiveCfg = Debug|Any CPU
		{1B82FCDB-E211-4F4F-ADB3-98E3A1461B56}.Debug|Any CPU.Build.0 = Debug|Any CPU
		{1B82FCDB-E211-4F4F-ADB3-98E3A1461B56}.Release|Any CPU.ActiveCfg = Release|Any CPU
		{1B82FCDB-E211-4F4F-ADB3-98E3A1461B56}.Release|Any CPU.Build.0 = Release|Any CPU
	EndGlobalSection
	GlobalSection(SolutionProperties) = preSolution
		HideSolutionNode = FALSE
	EndGlobalSection
	GlobalSection(ExtensibilityGlobals) = postSolution
		SolutionGuid = {C7D84DA7-3D55-4DCE-9036-E94FE0A2CC6B}
	EndGlobalSection
EndGlobal
